
Microsoft Visual Studio Solution File, Format Version 12.00
# Visual Studio 15
VisualStudioVersion = 15.0.27703.2042
MinimumVisualStudioVersion = 10.0.40219.1
Project("{2150E333-8FDC-42A3-9474-1A3956D46DE8}") = "Solution Items", "Solution Items", "{48FC4FE3-ECB2-4D88-9837-F438F28CA657}"
	ProjectSection(SolutionItems) = preProject
		.gitattributes = .gitattributes
		.gitignore = .gitignore
	EndProjectSection
EndProject
Project("{FAE04EC0-301F-11D3-BF4B-00C04F79EFBC}") = "Audit.NET.Issues.DemoFor140", "Audit.NET.Issues.DemoFor140\Audit.NET.Issues.DemoFor140.csproj", "{3BEB998D-8923-48C8-B925-37838964D18B}"
EndProject
Global
	GlobalSection(SolutionConfigurationPlatforms) = preSolution
		Debug|Any CPU = Debug|Any CPU
		Release|Any CPU = Release|Any CPU
	EndGlobalSection
	GlobalSection(ProjectConfigurationPlatforms) = postSolution
		{3BEB998D-8923-48C8-B925-37838964D18B}.Debug|Any CPU.ActiveCfg = Debug|Any CPU
		{3BEB998D-8923-48C8-B925-37838964D18B}.Debug|Any CPU.Build.0 = Debug|Any CPU
		{3BEB998D-8923-48C8-B925-37838964D18B}.Release|Any CPU.ActiveCfg = Release|Any CPU
		{3BEB998D-8923-48C8-B925-37838964D18B}.Release|Any CPU.Build.0 = Release|Any CPU
	EndGlobalSection
	GlobalSection(SolutionProperties) = preSolution
		HideSolutionNode = FALSE
	EndGlobalSection
	GlobalSection(ExtensibilityGlobals) = postSolution
		SolutionGuid = {6D1A4046-6BCD-4895-8FA1-66220A4A1BCB}
	EndGlobalSection
EndGlobal
